
Microsoft Visual Studio Solution File, Format Version 12.00
# Visual Studio Version 17
VisualStudioVersion = 17.8.34322.80
MinimumVisualStudioVersion = 10.0.40219.1
Project("{FAE04EC0-301F-11D3-BF4B-00C04F79EFBC}") = "lab j2.2", "lab j2.2\lab j2.2.csproj", "{52D70465-A3E1-4608-B818-94A6850FEBD4}"
EndProject
Global
	GlobalSection(SolutionConfigurationPlatforms) = preSolution
		Debug|Any CPU = Debug|Any CPU
		Release|Any CPU = Release|Any CPU
	EndGlobalSection
	GlobalSection(ProjectConfigurationPlatforms) = postSolution
		{52D70465-A3E1-4608-B818-94A6850FEBD4}.Debug|Any CPU.ActiveCfg = Debug|Any CPU
		{52D70465-A3E1-4608-B818-94A6850FEBD4}.Debug|Any CPU.Build.0 = Debug|Any CPU
		{52D70465-A3E1-4608-B818-94A6850FEBD4}.Release|Any CPU.ActiveCfg = Release|Any CPU
		{52D70465-A3E1-4608-B818-94A6850FEBD4}.Release|Any CPU.Build.0 = Release|Any CPU
	EndGlobalSection
	GlobalSection(SolutionProperties) = preSolution
		HideSolutionNode = FALSE
	EndGlobalSection
	GlobalSection(ExtensibilityGlobals) = postSolution
		SolutionGuid = {E6423444-662C-4258-BA1F-DCE4F8D65DB2}
	EndGlobalSection
EndGlobal
